{
  "name": "jyblog",
  "version": "1.0.0",
  "lockfileVersion": 1,
  "requires": true,
  "dependencies": {
    "accepts": {
      "version": "http://registry.npm.taobao.org/accepts/download/accepts-1.3.4.tgz",
      "requires": {
        "mime-types": "2.1.16",
        "negotiator": "0.6.1"
      },
      "dependencies": {
        "mime-types": {
          "version": "2.1.16",
          "resolved": "http://registry.npm.taobao.org/mime-types/download/mime-types-2.1.16.tgz",
          "requires": {
            "mime-db": "1.29.0"
          },
          "dependencies": {}
        },
        "negotiator": {
          "version": "0.6.1",
          "resolved": "http://registry.npm.taobao.org/negotiator/download/negotiator-0.6.1.tgz"
        }
      }
    },
    "another-json-schema": {
      "version": "http://registry.npm.taobao.org/another-json-schema/download/another-json-schema-2.1.1.tgz",
      "requires": {
        "is-buffer": "1.1.5"
      },
      "dependencies": {
        "is-buffer": {
          "version": "1.1.5",
          "bundled": true
        }
      }
    },
    "ansi-styles": {
      "version": "http://registry.npm.taobao.org/ansi-styles/download/ansi-styles-3.2.0.tgz",
      "requires": {
        "color-convert": "1.9.0"
      },
      "dependencies": {
        "color-convert": {
          "version": "1.9.0",
          "resolved": "http://registry.npm.taobao.org/color-convert/download/color-convert-1.9.0.tgz",
          "requires": {
            "color-name": "1.1.3"
          },
          "dependencies": {}
        }
      }
    },
    "argparse": {
      "version": "http://registry.npm.taobao.org/argparse/download/argparse-1.0.9.tgz",
      "requires": {
        "sprintf-js": "1.0.3"
      },
      "dependencies": {
        "sprintf-js": {
          "version": "1.0.3",
          "resolved": "http://registry.npm.taobao.org/sprintf-js/download/sprintf-js-1.0.3.tgz"
        }
      }
    },
    "array-flatten": {
      "version": "http://registry.npm.taobao.org/array-flatten/download/array-flatten-1.1.1.tgz"
    },
    "async": {
      "version": "http://registry.npm.taobao.org/async/download/async-1.0.0.tgz"
    },
    "bluebird": {
      "version": "http://registry.npm.taobao.org/bluebird/download/bluebird-3.5.0.tgz"
    },
    "bson": {
      "version": "http://registry.npm.taobao.org/bson/download/bson-1.0.4.tgz"
    },
    "buffer-shims": {
      "version": "http://registry.npm.taobao.org/buffer-shims/download/buffer-shims-1.0.0.tgz"
    },
    "chalk": {
      "version": "http://registry.npm.taobao.org/chalk/download/chalk-2.1.0.tgz",
      "requires": {
        "ansi-styles": "3.2.0",
        "escape-string-regexp": "1.0.5",
        "supports-color": "4.2.1"
      },
      "dependencies": {
        "ansi-styles": {
          "version": "3.2.0",
          "resolved": "http://registry.npm.taobao.org/ansi-styles/download/ansi-styles-3.2.0.tgz",
          "requires": {
            "color-convert": "1.9.0"
          },
          "dependencies": {}
        },
        "escape-string-regexp": {
          "version": "1.0.5",
          "resolved": "http://registry.npm.taobao.org/escape-string-regexp/download/escape-string-regexp-1.0.5.tgz"
        },
        "supports-color": {
          "version": "4.2.1",
          "resolved": "http://registry.npm.taobao.org/supports-color/download/supports-color-4.2.1.tgz",
          "requires": {
            "has-flag": "2.0.0"
          },
          "dependencies": {}
        }
      }
    },
    "charenc": {
      "version": "http://registry.npm.taobao.org/charenc/download/charenc-0.0.2.tgz"
    },
    "co": {
      "version": "http://registry.npm.taobao.org/co/download/co-4.6.0.tgz"
    },
    "color-convert": {
      "version": "http://registry.npm.taobao.org/color-convert/download/color-convert-1.9.0.tgz",
      "requires": {
        "color-name": "1.1.3"
      },
      "dependencies": {
        "color-name": {
          "version": "1.1.3",
          "bundled": true
        }
      }
    },
    "color-name": {
      "version": "http://registry.npm.taobao.org/color-name/download/color-name-1.1.3.tgz"
    },
    "colors": {
      "version": "http://registry.npm.taobao.org/colors/download/colors-1.0.3.tgz"
    },
    "config-lite": {
      "version": "http://registry.npm.taobao.org/config-lite/download/config-lite-2.1.0.tgz",
      "requires": {
        "chalk": "2.1.0",
        "js-yaml": "3.9.1",
        "lodash": "4.17.4",
        "optimist": "0.6.1",
        "resolve": "1.4.0",
        "toml": "2.3.2"
      },
      "dependencies": {
        "chalk": {
          "version": "2.1.0",
          "bundled": true,
          "requires": {
            "ansi-styles": "3.2.0",
            "escape-string-regexp": "1.0.5",
            "supports-color": "4.2.1"
          },
          "dependencies": {}
        },
        "js-yaml": {
          "version": "3.9.1",
          "bundled": true,
          "requires": {
            "argparse": "1.0.9",
            "esprima": "4.0.0"
          },
          "dependencies": {}
        },
        "lodash": {
          "version": "4.17.4",
          "bundled": true
        },
        "optimist": {
          "version": "0.6.1",
          "bundled": true,
          "requires": {
            "minimist": "0.0.10",
            "wordwrap": "0.0.3"
          },
          "dependencies": {}
        },
        "resolve": {
          "version": "1.4.0",
          "bundled": true,
          "requires": {
            "path-parse": "1.0.5"
          },
          "dependencies": {}
        },
        "toml": {
          "version": "2.3.2",
          "bundled": true
        }
      }
    },
    "connect-flash": {
      "version": "http://registry.npm.taobao.org/connect-flash/download/connect-flash-0.1.1.tgz"
    },
    "connect-mongo": {
      "version": "http://registry.npm.taobao.org/connect-mongo/download/connect-mongo-1.3.2.tgz",
      "requires": {
        "bluebird": "3.5.0",
        "mongodb": "2.2.31"
      },
      "dependencies": {
        "bluebird": {
          "version": "3.5.0",
          "bundled": true
        },
        "mongodb": {
          "version": "2.2.31",
          "bundled": true,
          "requires": {
            "es6-promise": "3.2.1",
            "mongodb-core": "2.1.15",
            "readable-stream": "2.2.7"
          },
          "dependencies": {}
        }
      }
    },
    "content-disposition": {
      "version": "http://registry.npm.taobao.org/content-disposition/download/content-disposition-0.5.1.tgz"
    },
    "content-type": {
      "version": "http://registry.npm.taobao.org/content-type/download/content-type-1.0.2.tgz"
    },
    "cookie": {
      "version": "http://registry.npm.taobao.org/cookie/download/cookie-0.3.1.tgz"
    },
    "cookie-signature": {
      "version": "http://registry.npm.taobao.org/cookie-signature/download/cookie-signature-1.0.6.tgz"
    },
    "core-util-is": {
      "version": "http://registry.npm.taobao.org/core-util-is/download/core-util-is-1.0.2.tgz"
    },
    "crc": {
      "version": "http://registry.npm.taobao.org/crc/download/crc-3.4.4.tgz"
    },
    "crypt": {
      "version": "http://registry.npm.taobao.org/crypt/download/crypt-0.0.2.tgz"
    },
    "cycle": {
      "version": "http://registry.npm.taobao.org/cycle/download/cycle-1.0.3.tgz"
    },
    "debug": {
      "version": "http://registry.npm.taobao.org/debug/download/debug-2.2.0.tgz",
      "requires": {
        "ms": "0.7.1"
      },
      "dependencies": {
        "ms": {
          "version": "0.7.1",
          "bundled": true
        }
      }
    },
    "depd": {
      "version": "http://registry.npm.taobao.org/depd/download/depd-1.1.1.tgz"
    },
    "destroy": {
      "version": "http://registry.npm.taobao.org/destroy/download/destroy-1.0.4.tgz"
    },
    "ee-first": {
      "version": "http://registry.npm.taobao.org/ee-first/download/ee-first-1.1.1.tgz"
    },
    "ejs": {
      "version": "http://registry.npm.taobao.org/ejs/download/ejs-2.5.7.tgz"
    },
    "encodeurl": {
      "version": "http://registry.npm.taobao.org/encodeurl/download/encodeurl-1.0.1.tgz"
    },
    "es6-promise": {
      "version": "http://registry.npm.taobao.org/es6-promise/download/es6-promise-3.2.1.tgz"
    },
    "escape-html": {
      "version": "http://registry.npm.taobao.org/escape-html/download/escape-html-1.0.3.tgz"
    },
    "escape-string-regexp": {
      "version": "http://registry.npm.taobao.org/escape-string-regexp/download/escape-string-regexp-1.0.5.tgz"
    },
    "esprima": {
      "version": "http://registry.npm.taobao.org/esprima/download/esprima-4.0.0.tgz"
    },
    "etag": {
      "version": "http://registry.npm.taobao.org/etag/download/etag-1.7.0.tgz"
    },
    "express": {
      "version": "4.14.0",
      "resolved": "http://registry.npm.taobao.org/express/download/express-4.14.0.tgz",
      "requires": {
        "accepts": "1.3.4",
        "array-flatten": "1.1.1",
        "content-disposition": "0.5.1",
        "content-type": "1.0.2",
        "cookie": "0.3.1",
        "cookie-signature": "1.0.6",
        "debug": "2.2.0",
        "depd": "1.1.1",
        "encodeurl": "1.0.1",
        "escape-html": "1.0.3",
        "etag": "1.7.0",
        "finalhandler": "0.5.0",
        "fresh": "0.3.0",
        "merge-descriptors": "1.0.1",
        "methods": "1.1.2",
        "on-finished": "2.3.0",
        "parseurl": "1.3.1",
        "path-to-regexp": "0.1.7",
        "proxy-addr": "1.1.5",
        "qs": "6.2.0",
        "range-parser": "1.2.0",
        "send": "0.14.1",
        "serve-static": "1.11.2",
        "type-is": "1.6.15",
        "utils-merge": "1.0.0",
        "vary": "1.1.1"
      },
      "dependencies": {
        "accepts": {
          "version": "1.3.4",
          "resolved": "http://registry.npm.taobao.org/accepts/download/accepts-1.3.4.tgz",
          "requires": {
            "mime-types": "2.1.16",
            "negotiator": "0.6.1"
          },
          "dependencies": {}
        },
        "array-flatten": {
          "version": "1.1.1",
          "resolved": "http://registry.npm.taobao.org/array-flatten/download/array-flatten-1.1.1.tgz"
        },
        "content-disposition": {
          "version": "0.5.1",
          "resolved": "http://registry.npm.taobao.org/content-disposition/download/content-disposition-0.5.1.tgz"
        },
        "content-type": {
          "version": "1.0.2",
          "resolved": "http://registry.npm.taobao.org/content-type/download/content-type-1.0.2.tgz"
        },
        "cookie": {
          "version": "0.3.1",
          "resolved": "http://registry.npm.taobao.org/cookie/download/cookie-0.3.1.tgz"
        },
        "cookie-signature": {
          "version": "1.0.6",
          "resolved": "http://registry.npm.taobao.org/cookie-signature/download/cookie-signature-1.0.6.tgz"
        },
        "debug": {
          "version": "2.2.0",
          "resolved": "http://registry.npm.taobao.org/debug/download/debug-2.2.0.tgz",
          "requires": {
            "ms": "0.7.1"
          },
          "dependencies": {}
        },
        "depd": {
          "version": "1.1.1",
          "resolved": "http://registry.npm.taobao.org/depd/download/depd-1.1.1.tgz"
        },
        "encodeurl": {
          "version": "1.0.1",
          "resolved": "http://registry.npm.taobao.org/encodeurl/download/encodeurl-1.0.1.tgz"
        },
        "escape-html": {
          "version": "1.0.3",
          "resolved": "http://registry.npm.taobao.org/escape-html/download/escape-html-1.0.3.tgz"
        },
        "etag": {
          "version": "1.7.0",
          "resolved": "http://registry.npm.taobao.org/etag/download/etag-1.7.0.tgz"
        },
        "finalhandler": {
          "version": "0.5.0",
          "resolved": "http://registry.npm.taobao.org/finalhandler/download/finalhandler-0.5.0.tgz",
          "requires": {
            "debug": "2.2.0",
            "escape-html": "1.0.3",
            "on-finished": "2.3.0",
            "statuses": "1.3.1",
            "unpipe": "1.0.0"
          },
          "dependencies": {}
        },
        "fresh": {
          "version": "0.3.0",
          "resolved": "http://registry.npm.taobao.org/fresh/download/fresh-0.3.0.tgz"
        },
        "merge-descriptors": {
          "version": "1.0.1",
          "resolved": "http://registry.npm.taobao.org/merge-descriptors/download/merge-descriptors-1.0.1.tgz"
        },
        "methods": {
          "version": "1.1.2",
          "resolved": "http://registry.npm.taobao.org/methods/download/methods-1.1.2.tgz"
        },
        "on-finished": {
          "version": "2.3.0",
          "resolved": "http://registry.npm.taobao.org/on-finished/download/on-finished-2.3.0.tgz",
          "requires": {
            "ee-first": "1.1.1"
          },
          "dependencies": {}
        },
        "parseurl": {
          "version": "1.3.1",
          "resolved": "http://registry.npm.taobao.org/parseurl/download/parseurl-1.3.1.tgz"
        },
        "path-to-regexp": {
          "version": "0.1.7",
          "resolved": "http://registry.npm.taobao.org/path-to-regexp/download/path-to-regexp-0.1.7.tgz"
        },
        "proxy-addr": {
          "version": "1.1.5",
          "resolved": "http://registry.npm.taobao.org/proxy-addr/download/proxy-addr-1.1.5.tgz",
          "requires": {
            "forwarded": "0.1.0",
            "ipaddr.js": "1.4.0"
          },
          "dependencies": {}
        },
        "qs": {
          "version": "6.2.0",
          "resolved": "http://registry.npm.taobao.org/qs/download/qs-6.2.0.tgz"
        },
        "range-parser": {
          "version": "1.2.0",
          "resolved": "http://registry.npm.taobao.org/range-parser/download/range-parser-1.2.0.tgz"
        },
        "send": {
          "version": "0.14.1",
          "resolved": "http://registry.npm.taobao.org/send/download/send-0.14.1.tgz",
          "requires": {
            "debug": "2.2.0",
            "depd": "1.1.1",
            "destroy": "1.0.4",
            "encodeurl": "1.0.1",
            "escape-html": "1.0.3",
            "etag": "1.7.0",
            "fresh": "0.3.0",
            "http-errors": "1.5.1",
            "mime": "1.3.4",
            "ms": "0.7.1",
            "on-finished": "2.3.0",
            "range-parser": "1.2.0",
            "statuses": "1.3.1"
          },
          "dependencies": {}
        },
        "serve-static": {
          "version": "1.11.2",
          "resolved": "http://registry.npm.taobao.org/serve-static/download/serve-static-1.11.2.tgz",
          "requires": {
            "encodeurl": "1.0.1",
            "escape-html": "1.0.3",
            "parseurl": "1.3.1",
            "send": "0.14.2"
          },
          "dependencies": {}
        },
        "type-is": {
          "version": "1.6.15",
          "resolved": "http://registry.npm.taobao.org/type-is/download/type-is-1.6.15.tgz",
          "requires": {
            "media-typer": "0.3.0",
            "mime-types": "2.1.16"
          },
          "dependencies": {}
        },
        "utils-merge": {
          "version": "1.0.0",
          "resolved": "http://registry.npm.taobao.org/utils-merge/download/utils-merge-1.0.0.tgz"
        },
        "vary": {
          "version": "1.1.1",
          "resolved": "http://registry.npm.taobao.org/vary/download/vary-1.1.1.tgz"
        }
      }
    },
    "express-formidable": {
      "version": "http://registry.npm.taobao.org/express-formidable/download/express-formidable-1.0.0.tgz",
      "requires": {
        "formidable": "1.1.1"
      },
      "dependencies": {
        "formidable": {
          "version": "1.1.1",
          "bundled": true
        }
      }
    },
    "express-session": {
      "version": "http://registry.npm.taobao.org/express-session/download/express-session-1.15.5.tgz",
      "requires": {
        "cookie": "0.3.1",
        "cookie-signature": "1.0.6",
        "crc": "3.4.4",
        "debug": "2.6.8",
        "depd": "1.1.1",
        "on-headers": "1.0.1",
        "parseurl": "1.3.1",
        "uid-safe": "2.1.5",
        "utils-merge": "1.0.0"
      },
      "dependencies": {
        "cookie": {
          "version": "0.3.1",
          "resolved": "http://registry.npm.taobao.org/cookie/download/cookie-0.3.1.tgz"
        },
        "cookie-signature": {
          "version": "1.0.6",
          "resolved": "http://registry.npm.taobao.org/cookie-signature/download/cookie-signature-1.0.6.tgz"
        },
        "crc": {
          "version": "3.4.4",
          "resolved": "http://registry.npm.taobao.org/crc/download/crc-3.4.4.tgz"
        },
        "debug": {
          "version": "2.6.8",
          "resolved": "http://registry.npm.taobao.org/debug/download/debug-2.6.8.tgz",
          "requires": {
            "ms": "2.0.0"
          },
          "dependencies": {}
        },
        "depd": {
          "version": "1.1.1",
          "resolved": "http://registry.npm.taobao.org/depd/download/depd-1.1.1.tgz"
        },
        "on-headers": {
          "version": "1.0.1",
          "resolved": "http://registry.npm.taobao.org/on-headers/download/on-headers-1.0.1.tgz"
        },
        "parseurl": {
          "version": "1.3.1",
          "resolved": "http://registry.npm.taobao.org/parseurl/download/parseurl-1.3.1.tgz"
        },
        "uid-safe": {
          "version": "2.1.5",
          "resolved": "http://registry.npm.taobao.org/uid-safe/download/uid-safe-2.1.5.tgz",
          "requires": {
            "random-bytes": "1.0.0"
          },
          "dependencies": {}
        },
        "utils-merge": {
          "version": "1.0.0",
          "resolved": "http://registry.npm.taobao.org/utils-merge/download/utils-merge-1.0.0.tgz"
        }
      }
    },
    "express-winston": {
      "version": "http://registry.npm.taobao.org/express-winston/download/express-winston-2.4.0.tgz",
      "requires": {
        "chalk": "0.4.0",
        "lodash": "4.11.2"
      },
      "dependencies": {
        "chalk": {
          "version": "0.4.0",
          "resolved": "http://registry.npm.taobao.org/chalk/download/chalk-0.4.0.tgz",
          "requires": {
            "ansi-styles": "1.0.0",
            "has-color": "0.1.7",
            "strip-ansi": "0.1.1"
          },
          "dependencies": {}
        },
        "lodash": {
          "version": "4.11.2",
          "resolved": "http://registry.npm.taobao.org/lodash/download/lodash-4.11.2.tgz"
        }
      }
    },
    "eyes": {
      "version": "http://registry.npm.taobao.org/eyes/download/eyes-0.1.8.tgz"
    },
    "finalhandler": {
      "version": "http://registry.npm.taobao.org/finalhandler/download/finalhandler-0.5.0.tgz",
      "requires": {
        "debug": "2.2.0",
        "escape-html": "1.0.3",
        "on-finished": "2.3.0",
        "statuses": "1.3.1",
        "unpipe": "1.0.0"
      },
      "dependencies": {
        "debug": {
          "version": "2.2.0",
          "resolved": "http://registry.npm.taobao.org/debug/download/debug-2.2.0.tgz",
          "requires": {
            "ms": "0.7.1"
          },
          "dependencies": {}
        },
        "escape-html": {
          "version": "1.0.3",
          "resolved": "http://registry.npm.taobao.org/escape-html/download/escape-html-1.0.3.tgz"
        },
        "on-finished": {
          "version": "2.3.0",
          "resolved": "http://registry.npm.taobao.org/on-finished/download/on-finished-2.3.0.tgz",
          "requires": {
            "ee-first": "1.1.1"
          },
          "dependencies": {}
        },
        "statuses": {
          "version": "1.3.1",
          "resolved": "http://registry.npm.taobao.org/statuses/download/statuses-1.3.1.tgz"
        },
        "unpipe": {
          "version": "1.0.0",
          "resolved": "http://registry.npm.taobao.org/unpipe/download/unpipe-1.0.0.tgz"
        }
      }
    },
    "formidable": {
      "version": "http://registry.npm.taobao.org/formidable/download/formidable-1.1.1.tgz"
    },
    "forwarded": {
      "version": "http://registry.npm.taobao.org/forwarded/download/forwarded-0.1.0.tgz"
    },
    "fresh": {
      "version": "http://registry.npm.taobao.org/fresh/download/fresh-0.3.0.tgz"
    },
    "has-color": {
      "version": "http://registry.npm.taobao.org/has-color/download/has-color-0.1.7.tgz"
    },
    "has-flag": {
      "version": "http://registry.npm.taobao.org/has-flag/download/has-flag-2.0.0.tgz"
    },
    "http-errors": {
      "version": "http://registry.npm.taobao.org/http-errors/download/http-errors-1.5.1.tgz",
      "requires": {
        "inherits": "2.0.3",
        "setprototypeof": "1.0.2",
        "statuses": "1.3.1"
      },
      "dependencies": {
        "inherits": {
          "version": "2.0.3",
          "bundled": true
        },
        "setprototypeof": {
          "version": "1.0.2",
          "bundled": true
        },
        "statuses": {
          "version": "1.3.1",
          "bundled": true
        }
      }
    },
    "inflected": {
      "version": "http://registry.npm.taobao.org/inflected/download/inflected-2.0.2.tgz"
    },
    "inherits": {
      "version": "http://registry.npm.taobao.org/inherits/download/inherits-2.0.3.tgz"
    },
    "ipaddr.js": {
      "version": "http://registry.npm.taobao.org/ipaddr.js/download/ipaddr.js-1.4.0.tgz"
    },
    "is-buffer": {
      "version": "http://registry.npm.taobao.org/is-buffer/download/is-buffer-1.1.5.tgz"
    },
    "isarray": {
      "version": "http://registry.npm.taobao.org/isarray/download/isarray-1.0.0.tgz"
    },
    "isstream": {
      "version": "http://registry.npm.taobao.org/isstream/download/isstream-0.1.2.tgz"
    },
    "js-yaml": {
      "version": "http://registry.npm.taobao.org/js-yaml/download/js-yaml-3.9.1.tgz",
      "requires": {
        "argparse": "1.0.9",
        "esprima": "4.0.0"
      },
      "dependencies": {
        "argparse": {
          "version": "1.0.9",
          "resolved": "http://registry.npm.taobao.org/argparse/download/argparse-1.0.9.tgz",
          "requires": {
            "sprintf-js": "1.0.3"
          },
          "dependencies": {}
        },
        "esprima": {
          "version": "4.0.0",
          "resolved": "http://registry.npm.taobao.org/esprima/download/esprima-4.0.0.tgz"
        }
      }
    },
    "lodash": {
      "version": "http://registry.npm.taobao.org/lodash/download/lodash-4.17.4.tgz"
    },
    "marked": {
      "version": "0.3.6",
      "resolved": "http://registry.npm.taobao.org/marked/download/marked-0.3.6.tgz"
    },
    "media-typer": {
      "version": "http://registry.npm.taobao.org/media-typer/download/media-typer-0.3.0.tgz"
    },
    "merge-descriptors": {
      "version": "http://registry.npm.taobao.org/merge-descriptors/download/merge-descriptors-1.0.1.tgz"
    },
    "methods": {
      "version": "http://registry.npm.taobao.org/methods/download/methods-1.1.2.tgz"
    },
    "mime": {
      "version": "http://registry.npm.taobao.org/mime/download/mime-1.3.4.tgz"
    },
    "mime-db": {
      "version": "http://registry.npm.taobao.org/mime-db/download/mime-db-1.29.0.tgz"
    },
    "mime-types": {
      "version": "http://registry.npm.taobao.org/mime-types/download/mime-types-2.1.16.tgz",
      "requires": {
        "mime-db": "1.29.0"
      },
      "dependencies": {
        "mime-db": {
          "version": "1.29.0",
          "resolved": "http://registry.npm.taobao.org/mime-db/download/mime-db-1.29.0.tgz"
        }
      }
    },
    "minimist": {
      "version": "http://registry.npm.taobao.org/minimist/download/minimist-0.0.10.tgz"
    },
    "moment": {
      "version": "2.18.1",
      "resolved": "http://registry.npm.taobao.org/moment/download/moment-2.18.1.tgz"
    },
    "mongodb": {
      "version": "http://registry.npm.taobao.org/mongodb/download/mongodb-2.2.31.tgz",
      "requires": {
        "es6-promise": "3.2.1",
        "mongodb-core": "2.1.15",
        "readable-stream": "2.2.7"
      },
      "dependencies": {
        "es6-promise": {
          "version": "3.2.1",
          "resolved": "http://registry.npm.taobao.org/es6-promise/download/es6-promise-3.2.1.tgz"
        },
        "mongodb-core": {
          "version": "2.1.15",
          "resolved": "http://registry.npm.taobao.org/mongodb-core/download/mongodb-core-2.1.15.tgz",
          "requires": {
            "bson": "1.0.4",
            "require_optional": "1.0.1"
          },
          "dependencies": {}
        },
        "readable-stream": {
          "version": "2.2.7",
          "resolved": "http://registry.npm.taobao.org/readable-stream/download/readable-stream-2.2.7.tgz",
          "requires": {
            "buffer-shims": "1.0.0",
            "core-util-is": "1.0.2",
            "inherits": "2.0.3",
            "isarray": "1.0.0",
            "process-nextick-args": "1.0.7",
            "string_decoder": "1.0.3",
            "util-deprecate": "1.0.2"
          },
          "dependencies": {}
        }
      }
    },
    "mongodb-core": {
      "version": "http://registry.npm.taobao.org/mongodb-core/download/mongodb-core-2.1.15.tgz",
      "requires": {
        "bson": "1.0.4",
        "require_optional": "1.0.1"
      },
      "dependencies": {
        "bson": {
          "version": "1.0.4",
          "bundled": true
        },
        "require_optional": {
          "version": "1.0.1",
          "bundled": true,
          "requires": {
            "resolve-from": "2.0.0",
            "semver": "5.4.1"
          },
          "dependencies": {}
        }
      }
    },
    "mongolass": {
      "version": "http://registry.npm.taobao.org/mongolass/download/mongolass-3.1.4.tgz",
      "requires": {
        "another-json-schema": "2.1.1",
        "co": "4.6.0",
        "debug": "3.0.0",
        "inflected": "2.0.2",
        "lodash": "4.17.4",
        "mongodb": "2.2.31",
        "mongolass-plugin-populate": "0.2.1",
        "validator": "8.0.0"
      },
      "dependencies": {
        "another-json-schema": {
          "version": "2.1.1",
          "bundled": true,
          "requires": {
            "is-buffer": "1.1.5"
          },
          "dependencies": {}
        },
        "co": {
          "version": "4.6.0",
          "bundled": true
        },
        "debug": {
          "version": "3.0.0",
          "bundled": true,
          "requires": {
            "ms": "2.0.0"
          },
          "dependencies": {}
        },
        "inflected": {
          "version": "2.0.2",
          "bundled": true
        },
        "lodash": {
          "version": "4.17.4",
          "bundled": true
        },
        "mongodb": {
          "version": "2.2.31",
          "bundled": true,
          "requires": {
            "es6-promise": "3.2.1",
            "mongodb-core": "2.1.15",
            "readable-stream": "2.2.7"
          },
          "dependencies": {}
        },
        "mongolass-plugin-populate": {
          "version": "0.2.1",
          "bundled": true,
          "requires": {
            "lodash": "4.15.0"
          },
          "dependencies": {}
        },
        "validator": {
          "version": "8.0.0",
          "bundled": true
        }
      }
    },
    "mongolass-plugin-populate": {
      "version": "http://registry.npm.taobao.org/mongolass-plugin-populate/download/mongolass-plugin-populate-0.2.1.tgz",
      "requires": {
        "lodash": "4.15.0"
      },
      "dependencies": {
        "lodash": {
          "version": "4.15.0",
          "resolved": "http://registry.npm.taobao.org/lodash/download/lodash-4.15.0.tgz"
        }
      }
    },
    "ms": {
      "version": "http://registry.npm.taobao.org/ms/download/ms-0.7.2.tgz"
    },
    "negotiator": {
      "version": "http://registry.npm.taobao.org/negotiator/download/negotiator-0.6.1.tgz"
    },
    "objectid-to-timestamp": {
      "version": "1.3.0",
      "resolved": "http://registry.npm.taobao.org/objectid-to-timestamp/download/objectid-to-timestamp-1.3.0.tgz"
    },
    "on-finished": {
      "version": "http://registry.npm.taobao.org/on-finished/download/on-finished-2.3.0.tgz",
      "requires": {
        "ee-first": "1.1.1"
      },
      "dependencies": {
        "ee-first": {
          "version": "1.1.1",
          "resolved": "http://registry.npm.taobao.org/ee-first/download/ee-first-1.1.1.tgz"
        }
      }
    },
    "on-headers": {
      "version": "http://registry.npm.taobao.org/on-headers/download/on-headers-1.0.1.tgz"
    },
    "optimist": {
      "version": "http://registry.npm.taobao.org/optimist/download/optimist-0.6.1.tgz",
      "requires": {
        "minimist": "0.0.10",
        "wordwrap": "0.0.3"
      },
      "dependencies": {
        "minimist": {
          "version": "0.0.10",
          "resolved": "http://registry.npm.taobao.org/minimist/download/minimist-0.0.10.tgz"
        },
        "wordwrap": {
          "version": "0.0.3",
          "resolved": "http://registry.npm.taobao.org/wordwrap/download/wordwrap-0.0.3.tgz"
        }
      }
    },
    "parseurl": {
      "version": "http://registry.npm.taobao.org/parseurl/download/parseurl-1.3.1.tgz"
    },
    "path-parse": {
      "version": "http://registry.npm.taobao.org/path-parse/download/path-parse-1.0.5.tgz"
    },
    "path-to-regexp": {
      "version": "http://registry.npm.taobao.org/path-to-regexp/download/path-to-regexp-0.1.7.tgz"
    },
    "process-nextick-args": {
      "version": "http://registry.npm.taobao.org/process-nextick-args/download/process-nextick-args-1.0.7.tgz"
    },
    "proxy-addr": {
      "version": "http://registry.npm.taobao.org/proxy-addr/download/proxy-addr-1.1.5.tgz",
      "requires": {
        "forwarded": "0.1.0",
        "ipaddr.js": "1.4.0"
      },
      "dependencies": {
        "forwarded": {
          "version": "0.1.0",
          "bundled": true
        },
        "ipaddr.js": {
          "version": "1.4.0",
          "bundled": true
        }
      }
    },
    "qs": {
      "version": "http://registry.npm.taobao.org/qs/download/qs-6.2.0.tgz"
    },
    "random-bytes": {
      "version": "http://registry.npm.taobao.org/random-bytes/download/random-bytes-1.0.0.tgz"
    },
    "range-parser": {
      "version": "http://registry.npm.taobao.org/range-parser/download/range-parser-1.2.0.tgz"
    },
    "readable-stream": {
      "version": "http://registry.npm.taobao.org/readable-stream/download/readable-stream-2.2.7.tgz",
      "requires": {
        "buffer-shims": "1.0.0",
        "core-util-is": "1.0.2",
        "inherits": "2.0.3",
        "isarray": "1.0.0",
        "process-nextick-args": "1.0.7",
        "string_decoder": "1.0.3",
        "util-deprecate": "1.0.2"
      },
      "dependencies": {
        "buffer-shims": {
          "version": "1.0.0",
          "bundled": true
        },
        "core-util-is": {
          "version": "1.0.2",
          "bundled": true
        },
        "inherits": {
          "version": "2.0.3",
          "bundled": true
        },
        "isarray": {
          "version": "1.0.0",
          "bundled": true
        },
        "process-nextick-args": {
          "version": "1.0.7",
          "bundled": true
        },
        "string_decoder": {
          "version": "1.0.3",
          "bundled": true,
          "requires": {
            "safe-buffer": "5.1.1"
          },
          "dependencies": {}
        },
        "util-deprecate": {
          "version": "1.0.2",
          "bundled": true
        }
      }
    },
    "require_optional": {
      "version": "http://registry.npm.taobao.org/require_optional/download/require_optional-1.0.1.tgz",
      "requires": {
        "resolve-from": "2.0.0",
        "semver": "5.4.1"
      },
      "dependencies": {
        "resolve-from": {
          "version": "2.0.0",
          "bundled": true
        },
        "semver": {
          "version": "5.4.1",
          "bundled": true
        }
      }
    },
    "resolve": {
      "version": "http://registry.npm.taobao.org/resolve/download/resolve-1.4.0.tgz",
      "requires": {
        "path-parse": "1.0.5"
      },
      "dependencies": {
        "path-parse": {
          "version": "1.0.5",
          "resolved": "http://registry.npm.taobao.org/path-parse/download/path-parse-1.0.5.tgz"
        }
      }
    },
    "resolve-from": {
      "version": "http://registry.npm.taobao.org/resolve-from/download/resolve-from-2.0.0.tgz"
    },
    "safe-buffer": {
      "version": "http://registry.npm.taobao.org/safe-buffer/download/safe-buffer-5.1.1.tgz"
    },
    "semver": {
      "version": "http://registry.npm.taobao.org/semver/download/semver-5.4.1.tgz"
    },
    "send": {
      "version": "http://registry.npm.taobao.org/send/download/send-0.14.2.tgz",
      "requires": {
        "debug": "2.2.0",
        "depd": "1.1.1",
        "destroy": "1.0.4",
        "encodeurl": "1.0.1",
        "escape-html": "1.0.3",
        "etag": "1.7.0",
        "fresh": "0.3.0",
        "http-errors": "1.5.1",
        "mime": "1.3.4",
        "ms": "0.7.2",
        "on-finished": "2.3.0",
        "range-parser": "1.2.0",
        "statuses": "1.3.1"
      },
      "dependencies": {
        "debug": {
          "version": "2.2.0",
          "bundled": true,
          "requires": {
            "ms": "0.7.1"
          },
          "dependencies": {}
        },
        "depd": {
          "version": "1.1.1",
          "bundled": true
        },
        "destroy": {
          "version": "1.0.4",
          "bundled": true
        },
        "encodeurl": {
          "version": "1.0.1",
          "bundled": true
        },
        "escape-html": {
          "version": "1.0.3",
          "bundled": true
        },
        "etag": {
          "version": "1.7.0",
          "bundled": true
        },
        "fresh": {
          "version": "0.3.0",
          "bundled": true
        },
        "http-errors": {
          "version": "1.5.1",
          "bundled": true,
          "requires": {
            "inherits": "2.0.3",
            "setprototypeof": "1.0.2",
            "statuses": "1.3.1"
          },
          "dependencies": {}
        },
        "mime": {
          "version": "1.3.4",
          "bundled": true
        },
        "ms": {
          "version": "0.7.2",
          "bundled": true
        },
        "on-finished": {
          "version": "2.3.0",
          "bundled": true,
          "requires": {
            "ee-first": "1.1.1"
          },
          "dependencies": {}
        },
        "range-parser": {
          "version": "1.2.0",
          "bundled": true
        },
        "statuses": {
          "version": "1.3.1",
          "bundled": true
        }
      }
    },
    "serve-static": {
      "version": "http://registry.npm.taobao.org/serve-static/download/serve-static-1.11.2.tgz",
      "requires": {
        "encodeurl": "1.0.1",
        "escape-html": "1.0.3",
        "parseurl": "1.3.1",
        "send": "0.14.2"
      },
      "dependencies": {
        "encodeurl": {
          "version": "1.0.1",
          "resolved": "http://registry.npm.taobao.org/encodeurl/download/encodeurl-1.0.1.tgz"
        },
        "escape-html": {
          "version": "1.0.3",
          "resolved": "http://registry.npm.taobao.org/escape-html/download/escape-html-1.0.3.tgz"
        },
        "parseurl": {
          "version": "1.3.1",
          "resolved": "http://registry.npm.taobao.org/parseurl/download/parseurl-1.3.1.tgz"
        },
        "send": {
          "version": "0.14.2",
          "resolved": "http://registry.npm.taobao.org/send/download/send-0.14.2.tgz",
          "requires": {
            "debug": "2.2.0",
            "depd": "1.1.1",
            "destroy": "1.0.4",
            "encodeurl": "1.0.1",
            "escape-html": "1.0.3",
            "etag": "1.7.0",
            "fresh": "0.3.0",
            "http-errors": "1.5.1",
            "mime": "1.3.4",
            "ms": "0.7.2",
            "on-finished": "2.3.0",
            "range-parser": "1.2.0",
            "statuses": "1.3.1"
          },
          "dependencies": {}
        }
      }
    },
    "setprototypeof": {
      "version": "http://registry.npm.taobao.org/setprototypeof/download/setprototypeof-1.0.2.tgz"
    },
    "sha1": {
      "version": "http://registry.npm.taobao.org/sha1/download/sha1-1.1.1.tgz",
      "requires": {
        "charenc": "0.0.2",
        "crypt": "0.0.2"
      },
      "dependencies": {
        "charenc": {
          "version": "0.0.2",
          "bundled": true
        },
        "crypt": {
          "version": "0.0.2",
          "bundled": true
        }
      }
    },
    "sprintf-js": {
      "version": "http://registry.npm.taobao.org/sprintf-js/download/sprintf-js-1.0.3.tgz"
    },
    "stack-trace": {
      "version": "http://registry.npm.taobao.org/stack-trace/download/stack-trace-0.0.10.tgz"
    },
    "statuses": {
      "version": "http://registry.npm.taobao.org/statuses/download/statuses-1.3.1.tgz"
    },
    "string_decoder": {
      "version": "http://registry.npm.taobao.org/string_decoder/download/string_decoder-1.0.3.tgz",
      "requires": {
        "safe-buffer": "5.1.1"
      },
      "dependencies": {
        "safe-buffer": {
          "version": "5.1.1",
          "bundled": true
        }
      }
    },
    "strip-ansi": {
      "version": "http://registry.npm.taobao.org/strip-ansi/download/strip-ansi-0.1.1.tgz"
    },
    "supports-color": {
      "version": "http://registry.npm.taobao.org/supports-color/download/supports-color-4.2.1.tgz",
      "requires": {
        "has-flag": "2.0.0"
      },
      "dependencies": {
        "has-flag": {
          "version": "2.0.0",
          "resolved": "http://registry.npm.taobao.org/has-flag/download/has-flag-2.0.0.tgz"
        }
      }
    },
    "toml": {
      "version": "http://registry.npm.taobao.org/toml/download/toml-2.3.2.tgz"
    },
    "type-is": {
      "version": "http://registry.npm.taobao.org/type-is/download/type-is-1.6.15.tgz",
      "requires": {
        "media-typer": "0.3.0",
        "mime-types": "2.1.16"
      },
      "dependencies": {
        "media-typer": {
          "version": "0.3.0",
          "resolved": "http://registry.npm.taobao.org/media-typer/download/media-typer-0.3.0.tgz"
        },
        "mime-types": {
          "version": "2.1.16",
          "resolved": "http://registry.npm.taobao.org/mime-types/download/mime-types-2.1.16.tgz",
          "requires": {
            "mime-db": "1.29.0"
          },
          "dependencies": {}
        }
      }
    },
    "uid-safe": {
      "version": "http://registry.npm.taobao.org/uid-safe/download/uid-safe-2.1.5.tgz",
      "requires": {
        "random-bytes": "1.0.0"
      },
      "dependencies": {
        "random-bytes": {
          "version": "1.0.0",
          "resolved": "http://registry.npm.taobao.org/random-bytes/download/random-bytes-1.0.0.tgz"
        }
      }
    },
    "unpipe": {
      "version": "http://registry.npm.taobao.org/unpipe/download/unpipe-1.0.0.tgz"
    },
    "util-deprecate": {
      "version": "http://registry.npm.taobao.org/util-deprecate/download/util-deprecate-1.0.2.tgz"
    },
    "utils-merge": {
      "version": "http://registry.npm.taobao.org/utils-merge/download/utils-merge-1.0.0.tgz"
    },
    "validator": {
      "version": "http://registry.npm.taobao.org/validator/download/validator-8.0.0.tgz"
    },
    "vary": {
      "version": "http://registry.npm.taobao.org/vary/download/vary-1.1.1.tgz"
    },
    "winston": {
      "version": "http://registry.npm.taobao.org/winston/download/winston-2.3.1.tgz",
      "requires": {
        "async": "1.0.0",
        "colors": "1.0.3",
        "cycle": "1.0.3",
        "eyes": "0.1.8",
        "isstream": "0.1.2",
        "stack-trace": "0.0.10"
      },
      "dependencies": {
        "async": {
          "version": "1.0.0",
          "bundled": true
        },
        "colors": {
          "version": "1.0.3",
          "bundled": true
        },
        "cycle": {
          "version": "1.0.3",
          "bundled": true
        },
        "eyes": {
          "version": "0.1.8",
          "bundled": true
        },
        "isstream": {
          "version": "0.1.2",
          "bundled": true
        },
        "stack-trace": {
          "version": "0.0.10",
          "bundled": true
        }
      }
    },
    "wordwrap": {
      "version": "http://registry.npm.taobao.org/wordwrap/download/wordwrap-0.0.3.tgz"
    }
  }
}
